
Microsoft Visual Studio Solution File, Format Version 12.00
# Visual Studio 15
VisualStudioVersion = 15.0.27703.2047
MinimumVisualStudioVersion = 10.0.40219.1
Project("{9A19103F-16F7-4668-BE54-9A1E7A4F7556}") = "Vortice", "core\Vortice\Vortice.csproj", "{8DB6EBC7-7705-489D-B43C-9FAABD9C9F07}"
EndProject
Project("{2150E333-8FDC-42A3-9474-1A3956D46DE8}") = "samples", "samples", "{0A79A306-7763-4A7D-BBA9-AF24AF43EC79}"
EndProject
Project("{2150E333-8FDC-42A3-9474-1A3956D46DE8}") = "graphics", "graphics", "{CF8EF5DB-101D-451E-84CF-181807AB0FCF}"
EndProject
Project("{9A19103F-16F7-4668-BE54-9A1E7A4F7556}") = "DrawTriangle.NetCore", "samples\graphics\DrawTriangle\DrawTriangle.NetCore\DrawTriangle.NetCore.csproj", "{D786FF73-82E5-496E-982E-20D5A0327F2C}"
EndProject
Project("{2150E333-8FDC-42A3-9474-1A3956D46DE8}") = "core", "core", "{73A421A6-7943-4D04-A5B8-6C07FE132781}"
EndProject
Project("{2150E333-8FDC-42A3-9474-1A3956D46DE8}") = "build", "build", "{6CAD8296-D773-4848-9270-6DE280A11ACF}"
	ProjectSection(SolutionItems) = preProject
		Directory.Build.props = Directory.Build.props
		global.json = global.json
		nuget.config = nuget.config
	EndProjectSection
EndProject
Project("{2150E333-8FDC-42A3-9474-1A3956D46DE8}") = "engine", "engine", "{FAB2ABB8-1CEF-452B-A86E-995AB9907B37}"
EndProject
Project("{9A19103F-16F7-4668-BE54-9A1E7A4F7556}") = "Vortice.Game", "engine\Vortice.Game\Vortice.Game.csproj", "{84735234-E7BF-40E3-82D4-D54104943EFC}"
EndProject
Project("{9A19103F-16F7-4668-BE54-9A1E7A4F7556}") = "Vortice.Graphics", "engine\Vortice.Graphics\Vortice.Graphics.csproj", "{D8645B0C-1C12-44A3-BEA6-3A929BDF9BE5}"
EndProject
Project("{2150E333-8FDC-42A3-9474-1A3956D46DE8}") = "tests", "tests", "{238FB1CA-C31E-4DD4-A041-732CBB6719B4}"
EndProject
Project("{9A19103F-16F7-4668-BE54-9A1E7A4F7556}") = "Vortice.Graphics.Tests", "tests\Vortice.Graphics.Tests\Vortice.Graphics.Tests.csproj", "{62FCDE6C-5A87-4295-9874-DE69CD27E053}"
EndProject
Project("{9A19103F-16F7-4668-BE54-9A1E7A4F7556}") = "Vortice.Audio", "engine\Vortice.Audio\Vortice.Audio.csproj", "{DFE2EA8D-4C7B-4213-A314-37971EB01EC8}"
EndProject
Project("{2150E333-8FDC-42A3-9474-1A3956D46DE8}") = "assets", "assets", "{29FEB313-B508-409F-813D-E01E64604937}"
EndProject
Project("{9A19103F-16F7-4668-BE54-9A1E7A4F7556}") = "Vortice.Assets", "assets\Vortice.Assets\Vortice.Assets.csproj", "{261BD4C0-09C3-47AA-8013-E34D088E2F39}"
EndProject
Project("{9A19103F-16F7-4668-BE54-9A1E7A4F7556}") = "DrawTriangle.Game", "samples\graphics\DrawTriangle\DrawTriangle.Game\DrawTriangle.Game.csproj", "{49DD2894-3978-4EB0-8014-6C1FC5F53A97}"
EndProject
Global
	GlobalSection(SolutionConfigurationPlatforms) = preSolution
		Debug|Any CPU = Debug|Any CPU
		Debug|ARM = Debug|ARM
		Debug|x64 = Debug|x64
		Debug|x86 = Debug|x86
		Release|Any CPU = Release|Any CPU
		Release|ARM = Release|ARM
		Release|x64 = Release|x64
		Release|x86 = Release|x86
	EndGlobalSection
	GlobalSection(ProjectConfigurationPlatforms) = postSolution
		{8DB6EBC7-7705-489D-B43C-9FAABD9C9F07}.Debug|Any CPU.ActiveCfg = Debug|Any CPU
		{8DB6EBC7-7705-489D-B43C-9FAABD9C9F07}.Debug|Any CPU.Build.0 = Debug|Any CPU
		{8DB6EBC7-7705-489D-B43C-9FAABD9C9F07}.Debug|ARM.ActiveCfg = Debug|Any CPU
		{8DB6EBC7-7705-489D-B43C-9FAABD9C9F07}.Debug|ARM.Build.0 = Debug|Any CPU
		{8DB6EBC7-7705-489D-B43C-9FAABD9C9F07}.Debug|x64.ActiveCfg = Debug|Any CPU
		{8DB6EBC7-7705-489D-B43C-9FAABD9C9F07}.Debug|x64.Build.0 = Debug|Any CPU
		{8DB6EBC7-7705-489D-B43C-9FAABD9C9F07}.Debug|x86.ActiveCfg = Debug|Any CPU
		{8DB6EBC7-7705-489D-B43C-9FAABD9C9F07}.Debug|x86.Build.0 = Debug|Any CPU
		{8DB6EBC7-7705-489D-B43C-9FAABD9C9F07}.Release|Any CPU.ActiveCfg = Release|Any CPU
		{8DB6EBC7-7705-489D-B43C-9FAABD9C9F07}.Release|Any CPU.Build.0 = Release|Any CPU
		{8DB6EBC7-7705-489D-B43C-9FAABD9C9F07}.Release|ARM.ActiveCfg = Release|Any CPU
		{8DB6EBC7-7705-489D-B43C-9FAABD9C9F07}.Release|ARM.Build.0 = Release|Any CPU
		{8DB6EBC7-7705-489D-B43C-9FAABD9C9F07}.Release|x64.ActiveCfg = Release|Any CPU
		{8DB6EBC7-7705-489D-B43C-9FAABD9C9F07}.Release|x64.Build.0 = Release|Any CPU
		{8DB6EBC7-7705-489D-B43C-9FAABD9C9F07}.Release|x86.ActiveCfg = Release|Any CPU
		{8DB6EBC7-7705-489D-B43C-9FAABD9C9F07}.Release|x86.Build.0 = Release|Any CPU
		{D786FF73-82E5-496E-982E-20D5A0327F2C}.Debug|Any CPU.ActiveCfg = Debug|Any CPU
		{D786FF73-82E5-496E-982E-20D5A0327F2C}.Debug|Any CPU.Build.0 = Debug|Any CPU
		{D786FF73-82E5-496E-982E-20D5A0327F2C}.Debug|ARM.ActiveCfg = Debug|Any CPU
		{D786FF73-82E5-496E-982E-20D5A0327F2C}.Debug|ARM.Build.0 = Debug|Any CPU
		{D786FF73-82E5-496E-982E-20D5A0327F2C}.Debug|x64.ActiveCfg = Debug|Any CPU
		{D786FF73-82E5-496E-982E-20D5A0327F2C}.Debug|x64.Build.0 = Debug|Any CPU
		{D786FF73-82E5-496E-982E-20D5A0327F2C}.Debug|x86.ActiveCfg = Debug|Any CPU
		{D786FF73-82E5-496E-982E-20D5A0327F2C}.Debug|x86.Build.0 = Debug|Any CPU
		{D786FF73-82E5-496E-982E-20D5A0327F2C}.Release|Any CPU.ActiveCfg = Release|Any CPU
		{D786FF73-82E5-496E-982E-20D5A0327F2C}.Release|Any CPU.Build.0 = Release|Any CPU
		{D786FF73-82E5-496E-982E-20D5A0327F2C}.Release|ARM.ActiveCfg = Release|Any CPU
		{D786FF73-82E5-496E-982E-20D5A0327F2C}.Release|ARM.Build.0 = Release|Any CPU
		{D786FF73-82E5-496E-982E-20D5A0327F2C}.Release|x64.ActiveCfg = Release|Any CPU
		{D786FF73-82E5-496E-982E-20D5A0327F2C}.Release|x64.Build.0 = Release|Any CPU
		{D786FF73-82E5-496E-982E-20D5A0327F2C}.Release|x86.ActiveCfg = Release|Any CPU
		{D786FF73-82E5-496E-982E-20D5A0327F2C}.Release|x86.Build.0 = Release|Any CPU
		{84735234-E7BF-40E3-82D4-D54104943EFC}.Debug|Any CPU.ActiveCfg = Debug|Any CPU
		{84735234-E7BF-40E3-82D4-D54104943EFC}.Debug|Any CPU.Build.0 = Debug|Any CPU
		{84735234-E7BF-40E3-82D4-D54104943EFC}.Debug|ARM.ActiveCfg = Debug|Any CPU
		{84735234-E7BF-40E3-82D4-D54104943EFC}.Debug|ARM.Build.0 = Debug|Any CPU
		{84735234-E7BF-40E3-82D4-D54104943EFC}.Debug|x64.ActiveCfg = Debug|Any CPU
		{84735234-E7BF-40E3-82D4-D54104943EFC}.Debug|x64.Build.0 = Debug|Any CPU
		{84735234-E7BF-40E3-82D4-D54104943EFC}.Debug|x86.ActiveCfg = Debug|Any CPU
		{84735234-E7BF-40E3-82D4-D54104943EFC}.Debug|x86.Build.0 = Debug|Any CPU
		{84735234-E7BF-40E3-82D4-D54104943EFC}.Release|Any CPU.ActiveCfg = Release|Any CPU
		{84735234-E7BF-40E3-82D4-D54104943EFC}.Release|Any CPU.Build.0 = Release|Any CPU
		{84735234-E7BF-40E3-82D4-D54104943EFC}.Release|ARM.ActiveCfg = Release|Any CPU
		{84735234-E7BF-40E3-82D4-D54104943EFC}.Release|ARM.Build.0 = Release|Any CPU
		{84735234-E7BF-40E3-82D4-D54104943EFC}.Release|x64.ActiveCfg = Release|Any CPU
		{84735234-E7BF-40E3-82D4-D54104943EFC}.Release|x64.Build.0 = Release|Any CPU
		{84735234-E7BF-40E3-82D4-D54104943EFC}.Release|x86.ActiveCfg = Release|Any CPU
		{84735234-E7BF-40E3-82D4-D54104943EFC}.Release|x86.Build.0 = Release|Any CPU
		{D8645B0C-1C12-44A3-BEA6-3A929BDF9BE5}.Debug|Any CPU.ActiveCfg = Debug|Any CPU
		{D8645B0C-1C12-44A3-BEA6-3A929BDF9BE5}.Debug|Any CPU.Build.0 = Debug|Any CPU
		{D8645B0C-1C12-44A3-BEA6-3A929BDF9BE5}.Debug|ARM.ActiveCfg = Debug|Any CPU
		{D8645B0C-1C12-44A3-BEA6-3A929BDF9BE5}.Debug|ARM.Build.0 = Debug|Any CPU
		{D8645B0C-1C12-44A3-BEA6-3A929BDF9BE5}.Debug|x64.ActiveCfg = Debug|Any CPU
		{D8645B0C-1C12-44A3-BEA6-3A929BDF9BE5}.Debug|x64.Build.0 = Debug|Any CPU
		{D8645B0C-1C12-44A3-BEA6-3A929BDF9BE5}.Debug|x86.ActiveCfg = Debug|Any CPU
		{D8645B0C-1C12-44A3-BEA6-3A929BDF9BE5}.Debug|x86.Build.0 = Debug|Any CPU
		{D8645B0C-1C12-44A3-BEA6-3A929BDF9BE5}.Release|Any CPU.ActiveCfg = Release|Any CPU
		{D8645B0C-1C12-44A3-BEA6-3A929BDF9BE5}.Release|Any CPU.Build.0 = Release|Any CPU
		{D8645B0C-1C12-44A3-BEA6-3A929BDF9BE5}.Release|ARM.ActiveCfg = Release|Any CPU
		{D8645B0C-1C12-44A3-BEA6-3A929BDF9BE5}.Release|ARM.Build.0 = Release|Any CPU
		{D8645B0C-1C12-44A3-BEA6-3A929BDF9BE5}.Release|x64.ActiveCfg = Release|Any CPU
		{D8645B0C-1C12-44A3-BEA6-3A929BDF9BE5}.Release|x64.Build.0 = Release|Any CPU
		{D8645B0C-1C12-44A3-BEA6-3A929BDF9BE5}.Release|x86.ActiveCfg = Release|Any CPU
		{D8645B0C-1C12-44A3-BEA6-3A929BDF9BE5}.Release|x86.Build.0 = Release|Any CPU
		{62FCDE6C-5A87-4295-9874-DE69CD27E053}.Debug|Any CPU.ActiveCfg = Debug|Any CPU
		{62FCDE6C-5A87-4295-9874-DE69CD27E053}.Debug|Any CPU.Build.0 = Debug|Any CPU
		{62FCDE6C-5A87-4295-9874-DE69CD27E053}.Debug|ARM.ActiveCfg = Debug|Any CPU
		{62FCDE6C-5A87-4295-9874-DE69CD27E053}.Debug|ARM.Build.0 = Debug|Any CPU
		{62FCDE6C-5A87-4295-9874-DE69CD27E053}.Debug|x64.ActiveCfg = Debug|Any CPU
		{62FCDE6C-5A87-4295-9874-DE69CD27E053}.Debug|x64.Build.0 = Debug|Any CPU
		{62FCDE6C-5A87-4295-9874-DE69CD27E053}.Debug|x86.ActiveCfg = Debug|Any CPU
		{62FCDE6C-5A87-4295-9874-DE69CD27E053}.Debug|x86.Build.0 = Debug|Any CPU
		{62FCDE6C-5A87-4295-9874-DE69CD27E053}.Release|Any CPU.ActiveCfg = Release|Any CPU
		{62FCDE6C-5A87-4295-9874-DE69CD27E053}.Release|Any CPU.Build.0 = Release|Any CPU
		{62FCDE6C-5A87-4295-9874-DE69CD27E053}.Release|ARM.ActiveCfg = Release|Any CPU
		{62FCDE6C-5A87-4295-9874-DE69CD27E053}.Release|ARM.Build.0 = Release|Any CPU
		{62FCDE6C-5A87-4295-9874-DE69CD27E053}.Release|x64.ActiveCfg = Release|Any CPU
		{62FCDE6C-5A87-4295-9874-DE69CD27E053}.Release|x64.Build.0 = Release|Any CPU
		{62FCDE6C-5A87-4295-9874-DE69CD27E053}.Release|x86.ActiveCfg = Release|Any CPU
		{62FCDE6C-5A87-4295-9874-DE69CD27E053}.Release|x86.Build.0 = Release|Any CPU
		{DFE2EA8D-4C7B-4213-A314-37971EB01EC8}.Debug|Any CPU.ActiveCfg = Debug|Any CPU
		{DFE2EA8D-4C7B-4213-A314-37971EB01EC8}.Debug|Any CPU.Build.0 = Debug|Any CPU
		{DFE2EA8D-4C7B-4213-A314-37971EB01EC8}.Debug|ARM.ActiveCfg = Debug|Any CPU
		{DFE2EA8D-4C7B-4213-A314-37971EB01EC8}.Debug|ARM.Build.0 = Debug|Any CPU
		{DFE2EA8D-4C7B-4213-A314-37971EB01EC8}.Debug|x64.ActiveCfg = Debug|Any CPU
		{DFE2EA8D-4C7B-4213-A314-37971EB01EC8}.Debug|x64.Build.0 = Debug|Any CPU
		{DFE2EA8D-4C7B-4213-A314-37971EB01EC8}.Debug|x86.ActiveCfg = Debug|Any CPU
		{DFE2EA8D-4C7B-4213-A314-37971EB01EC8}.Debug|x86.Build.0 = Debug|Any CPU
		{DFE2EA8D-4C7B-4213-A314-37971EB01EC8}.Release|Any CPU.ActiveCfg = Release|Any CPU
		{DFE2EA8D-4C7B-4213-A314-37971EB01EC8}.Release|Any CPU.Build.0 = Release|Any CPU
		{DFE2EA8D-4C7B-4213-A314-37971EB01EC8}.Release|ARM.ActiveCfg = Release|Any CPU
		{DFE2EA8D-4C7B-4213-A314-37971EB01EC8}.Release|ARM.Build.0 = Release|Any CPU
		{DFE2EA8D-4C7B-4213-A314-37971EB01EC8}.Release|x64.ActiveCfg = Release|Any CPU
		{DFE2EA8D-4C7B-4213-A314-37971EB01EC8}.Release|x64.Build.0 = Release|Any CPU
		{DFE2EA8D-4C7B-4213-A314-37971EB01EC8}.Release|x86.ActiveCfg = Release|Any CPU
		{DFE2EA8D-4C7B-4213-A314-37971EB01EC8}.Release|x86.Build.0 = Release|Any CPU
		{261BD4C0-09C3-47AA-8013-E34D088E2F39}.Debug|Any CPU.ActiveCfg = Debug|Any CPU
		{261BD4C0-09C3-47AA-8013-E34D088E2F39}.Debug|Any CPU.Build.0 = Debug|Any CPU
		{261BD4C0-09C3-47AA-8013-E34D088E2F39}.Debug|ARM.ActiveCfg = Debug|Any CPU
		{261BD4C0-09C3-47AA-8013-E34D088E2F39}.Debug|ARM.Build.0 = Debug|Any CPU
		{261BD4C0-09C3-47AA-8013-E34D088E2F39}.Debug|x64.ActiveCfg = Debug|Any CPU
		{261BD4C0-09C3-47AA-8013-E34D088E2F39}.Debug|x64.Build.0 = Debug|Any CPU
		{261BD4C0-09C3-47AA-8013-E34D088E2F39}.Debug|x86.ActiveCfg = Debug|Any CPU
		{261BD4C0-09C3-47AA-8013-E34D088E2F39}.Debug|x86.Build.0 = Debug|Any CPU
		{261BD4C0-09C3-47AA-8013-E34D088E2F39}.Release|Any CPU.ActiveCfg = Release|Any CPU
		{261BD4C0-09C3-47AA-8013-E34D088E2F39}.Release|Any CPU.Build.0 = Release|Any CPU
		{261BD4C0-09C3-47AA-8013-E34D088E2F39}.Release|ARM.ActiveCfg = Release|Any CPU
		{261BD4C0-09C3-47AA-8013-E34D088E2F39}.Release|ARM.Build.0 = Release|Any CPU
		{261BD4C0-09C3-47AA-8013-E34D088E2F39}.Release|x64.ActiveCfg = Release|Any CPU
		{261BD4C0-09C3-47AA-8013-E34D088E2F39}.Release|x64.Build.0 = Release|Any CPU
		{261BD4C0-09C3-47AA-8013-E34D088E2F39}.Release|x86.ActiveCfg = Release|Any CPU
		{261BD4C0-09C3-47AA-8013-E34D088E2F39}.Release|x86.Build.0 = Release|Any CPU
		{49DD2894-3978-4EB0-8014-6C1FC5F53A97}.Debug|Any CPU.ActiveCfg = Debug|Any CPU
		{49DD2894-3978-4EB0-8014-6C1FC5F53A97}.Debug|Any CPU.Build.0 = Debug|Any CPU
		{49DD2894-3978-4EB0-8014-6C1FC5F53A97}.Debug|ARM.ActiveCfg = Debug|Any CPU
		{49DD2894-3978-4EB0-8014-6C1FC5F53A97}.Debug|ARM.Build.0 = Debug|Any CPU
		{49DD2894-3978-4EB0-8014-6C1FC5F53A97}.Debug|x64.ActiveCfg = Debug|Any CPU
		{49DD2894-3978-4EB0-8014-6C1FC5F53A97}.Debug|x64.Build.0 = Debug|Any CPU
		{49DD2894-3978-4EB0-8014-6C1FC5F53A97}.Debug|x86.ActiveCfg = Debug|Any CPU
		{49DD2894-3978-4EB0-8014-6C1FC5F53A97}.Debug|x86.Build.0 = Debug|Any CPU
		{49DD2894-3978-4EB0-8014-6C1FC5F53A97}.Release|Any CPU.ActiveCfg = Release|Any CPU
		{49DD2894-3978-4EB0-8014-6C1FC5F53A97}.Release|Any CPU.Build.0 = Release|Any CPU
		{49DD2894-3978-4EB0-8014-6C1FC5F53A97}.Release|ARM.ActiveCfg = Release|Any CPU
		{49DD2894-3978-4EB0-8014-6C1FC5F53A97}.Release|ARM.Build.0 = Release|Any CPU
		{49DD2894-3978-4EB0-8014-6C1FC5F53A97}.Release|x64.ActiveCfg = Release|Any CPU
		{49DD2894-3978-4EB0-8014-6C1FC5F53A97}.Release|x64.Build.0 = Release|Any CPU
		{49DD2894-3978-4EB0-8014-6C1FC5F53A97}.Release|x86.ActiveCfg = Release|Any CPU
		{49DD2894-3978-4EB0-8014-6C1FC5F53A97}.Release|x86.Build.0 = Release|Any CPU
	EndGlobalSection
	GlobalSection(SolutionProperties) = preSolution
		HideSolutionNode = FALSE
	EndGlobalSection
	GlobalSection(NestedProjects) = preSolution
		{8DB6EBC7-7705-489D-B43C-9FAABD9C9F07} = {73A421A6-7943-4D04-A5B8-6C07FE132781}
		{CF8EF5DB-101D-451E-84CF-181807AB0FCF} = {0A79A306-7763-4A7D-BBA9-AF24AF43EC79}
		{D786FF73-82E5-496E-982E-20D5A0327F2C} = {CF8EF5DB-101D-451E-84CF-181807AB0FCF}
		{84735234-E7BF-40E3-82D4-D54104943EFC} = {FAB2ABB8-1CEF-452B-A86E-995AB9907B37}
		{D8645B0C-1C12-44A3-BEA6-3A929BDF9BE5} = {FAB2ABB8-1CEF-452B-A86E-995AB9907B37}
		{62FCDE6C-5A87-4295-9874-DE69CD27E053} = {238FB1CA-C31E-4DD4-A041-732CBB6719B4}
		{DFE2EA8D-4C7B-4213-A314-37971EB01EC8} = {FAB2ABB8-1CEF-452B-A86E-995AB9907B37}
		{261BD4C0-09C3-47AA-8013-E34D088E2F39} = {29FEB313-B508-409F-813D-E01E64604937}
		{49DD2894-3978-4EB0-8014-6C1FC5F53A97} = {CF8EF5DB-101D-451E-84CF-181807AB0FCF}
	EndGlobalSection
	GlobalSection(ExtensibilityGlobals) = postSolution
		SolutionGuid = {DF0375B3-E304-4A53-8E5F-FC9D23743647}
	EndGlobalSection
EndGlobal
